
Microsoft Visual Studio Solution File, Format Version 12.00
# Visual Studio Version 17
VisualStudioVersion = 17.5.33424.131
MinimumVisualStudioVersion = 10.0.40219.1
Project("{FAE04EC0-301F-11D3-BF4B-00C04F79EFBC}") = "Animale_Consola", "Animale_Consola\Animale_Consola.csproj", "{1E6ED5E4-C38B-46BF-8333-0B05A23B1618}"
EndProject
Project("{FAE04EC0-301F-11D3-BF4B-00C04F79EFBC}") = "LibrarieModele", "LibrarieModele\LibrarieModele.csproj", "{79E0AFE9-A997-43CC-9899-373B13C779EC}"
EndProject
Project("{FAE04EC0-301F-11D3-BF4B-00C04F79EFBC}") = "NivelStocareData", "NivelStocareData\NivelStocareData.csproj", "{C1A39B97-0736-4674-892E-B67F9444805D}"
EndProject
Global
	GlobalSection(SolutionConfigurationPlatforms) = preSolution
		Debug|Any CPU = Debug|Any CPU
		Release|Any CPU = Release|Any CPU
	EndGlobalSection
	GlobalSection(ProjectConfigurationPlatforms) = postSolution
		{1E6ED5E4-C38B-46BF-8333-0B05A23B1618}.Debug|Any CPU.ActiveCfg = Debug|Any CPU
		{1E6ED5E4-C38B-46BF-8333-0B05A23B1618}.Debug|Any CPU.Build.0 = Debug|Any CPU
		{1E6ED5E4-C38B-46BF-8333-0B05A23B1618}.Release|Any CPU.ActiveCfg = Release|Any CPU
		{1E6ED5E4-C38B-46BF-8333-0B05A23B1618}.Release|Any CPU.Build.0 = Release|Any CPU
		{79E0AFE9-A997-43CC-9899-373B13C779EC}.Debug|Any CPU.ActiveCfg = Debug|Any CPU
		{79E0AFE9-A997-43CC-9899-373B13C779EC}.Debug|Any CPU.Build.0 = Debug|Any CPU
		{79E0AFE9-A997-43CC-9899-373B13C779EC}.Release|Any CPU.ActiveCfg = Release|Any CPU
		{79E0AFE9-A997-43CC-9899-373B13C779EC}.Release|Any CPU.Build.0 = Release|Any CPU
		{C1A39B97-0736-4674-892E-B67F9444805D}.Debug|Any CPU.ActiveCfg = Debug|Any CPU
		{C1A39B97-0736-4674-892E-B67F9444805D}.Debug|Any CPU.Build.0 = Debug|Any CPU
		{C1A39B97-0736-4674-892E-B67F9444805D}.Release|Any CPU.ActiveCfg = Release|Any CPU
		{C1A39B97-0736-4674-892E-B67F9444805D}.Release|Any CPU.Build.0 = Release|Any CPU
	EndGlobalSection
	GlobalSection(SolutionProperties) = preSolution
		HideSolutionNode = FALSE
	EndGlobalSection
	GlobalSection(ExtensibilityGlobals) = postSolution
		SolutionGuid = {51BA9644-7A9F-43EB-AB0A-9613295BE80A}
	EndGlobalSection
EndGlobal
